# This file is automatically @generated by Cargo.
# It is not intended for manual editing.
version = 3

[[package]]
name = "a_rusty_cli"
version = "0.1.0"
source = "registry+https://github.com/rust-lang/crates.io-index"
checksum = "10b1b6b3726907644612f7c409180e437d1baf80ea0a6b42e46dc7b6ed65e417"

[[package]]
name = "use-rusty-cli"
version = "0.1.0"
dependencies = [
 "a_rusty_cli",
]
